{
  "name": "app",
  "version": "0.0.1",
  "lockfileVersion": 1,
  "requires": true,
  "dependencies": {
    "async-csv": {
      "version": "2.0.1",
      "resolved": "https://registry.npmjs.org/async-csv/-/async-csv-2.0.1.tgz",
      "integrity": "sha512-S6d2L7/cNpUX5GsyQ7Eu1QA209RXfwW6SqPF52g5AK/XZfyBQC9aCseyiTKeiIdHR1qeU0FYqHdt0bOmytOblw==",
      "requires": {
        "csv": "^5.1.1"
      }
    },
    "csv": {
      "version": "5.1.1",
      "resolved": "https://registry.npmjs.org/csv/-/csv-5.1.1.tgz",
      "integrity": "sha512-gezB9D+enrh2tLj+vsAD8JyYRMIJdSMpec/Pgbb+7YRj6Q6/D12HLSwjhx+CrirRT4dESjZYXWX1JfqlV4RlTA==",
      "requires": {
        "csv-generate": "^3.2.0",
        "csv-parse": "^4.3.0",
        "csv-stringify": "^5.1.2",
        "stream-transform": "^1.0.8"
      }
    },
    "csv-generate": {
      "version": "3.2.3",
      "resolved": "https://registry.npmjs.org/csv-generate/-/csv-generate-3.2.3.tgz",
      "integrity": "sha512-IcR3K0Nx+nJAkcU2eAglVR7DuHnxcuhUM2w2cR+aHOW7bZp2S5LyN2HF3zTkp6BV/DjR6ykoKznUm+AjnWcOKg=="
    },
    "csv-parse": {
      "version": "4.10.1",
      "resolved": "https://registry.npmjs.org/csv-parse/-/csv-parse-4.10.1.tgz",
      "integrity": "sha512-gdDJVchi0oSLIcYXz1H/VSgLE6htHDqJyFsRU/vTkQgmVOZ3S0IR2LXnNbWUYG7VD76dYVwdfBLyx8AX9+An8A=="
    },
    "csv-stringify": {
      "version": "5.3.0",
      "resolved": "https://registry.npmjs.org/csv-stringify/-/csv-stringify-5.3.0.tgz",
      "integrity": "sha512-VMYPbE8zWz475smwqb9VbX9cj0y4J0PBl59UdcqzLkzXHZZ8dh4Rmbb0ZywsWEtUml4A96Hn7Q5MW9ppVghYzg==",
      "requires": {
        "lodash.get": "~4.4.2"
      }
    },
    "csv-writer": {
      "version": "1.4.0",
      "resolved": "https://registry.npmjs.org/csv-writer/-/csv-writer-1.4.0.tgz",
      "integrity": "sha512-kJtUxRR3slfhPvMVI8ZPy1FPQcN5BogUg/qIF+wOYmZ3oDUwfQvVOZ91mQzNRbkyaieyN1IX6suqXlNYM1MCCA=="
    },
    "fs-extra": {
      "version": "8.1.0",
      "resolved": "https://geckorobotics.jfrog.io/geckorobotics/api/npm/npm/fs-extra/-/fs-extra-8.1.0.tgz",
      "integrity": "sha1-SdQ8RaiM2Wd2aMt74bRu/bjS4cA=",
      "requires": {
        "graceful-fs": "^4.2.0",
        "jsonfile": "^4.0.0",
        "universalify": "^0.1.0"
      }
    },
    "graceful-fs": {
      "version": "4.2.2",
      "resolved": "https://geckorobotics.jfrog.io/geckorobotics/api/npm/npm/graceful-fs/-/graceful-fs-4.2.2.tgz",
      "integrity": "sha1-bwlSYF0BQMHP2xOO0AV3W5LWewI="
    },
    "jsonfile": {
      "version": "4.0.0",
      "resolved": "https://geckorobotics.jfrog.io/geckorobotics/api/npm/npm/jsonfile/-/jsonfile-4.0.0.tgz",
      "integrity": "sha1-h3Gq4HmbZAdrdmQPygWPnBDjPss=",
      "requires": {
        "graceful-fs": "^4.1.6"
      }
    },
    "lodash": {
      "version": "4.17.11",
      "resolved": "https://registry.npmjs.org/lodash/-/lodash-4.17.11.tgz",
      "integrity": "sha512-cQKh8igo5QUhZ7lg38DYWAxMvjSAKG0A8wGSVimP07SIUEK2UO+arSRKbRZWtelMtN5V0Hkwh5ryOto/SshYIg=="
    },
    "lodash.get": {
      "version": "4.4.2",
      "resolved": "https://registry.npmjs.org/lodash.get/-/lodash.get-4.4.2.tgz",
      "integrity": "sha1-LRd/ZS+jHpObRDjVNBSZ36OCXpk="
    },
    "objects-to-csv": {
      "version": "1.2.2",
      "resolved": "https://registry.npmjs.org/objects-to-csv/-/objects-to-csv-1.2.2.tgz",
      "integrity": "sha512-I8OFfFFtUmU3z4w8OVga9RrtcwVwU+cN8kpzsTz0o+F3COHNxlYD/2mfRjUp/55uvuP8VJcHwyh8Ehu4y5kXFA==",
      "requires": {
        "async-csv": "^2.0.0"
      }
    },
    "stream-transform": {
      "version": "1.0.8",
      "resolved": "https://registry.npmjs.org/stream-transform/-/stream-transform-1.0.8.tgz",
      "integrity": "sha512-1q+dL790Ps0NV33rISMq9OLtfDA9KMJZdo1PHZXE85orrWsM4FAh8CVyAOTHO0rhyeM138KNPngBPrx33bFsxw=="
    },
    "universalify": {
      "version": "0.1.2",
      "resolved": "https://geckorobotics.jfrog.io/geckorobotics/api/npm/npm/universalify/-/universalify-0.1.2.tgz",
      "integrity": "sha1-tkb2m+OULavOzJ1mOcgNwQXvqmY="
    }
  }
}
